
Microsoft Visual Studio Solution File, Format Version 12.00
# Visual Studio Version 17
VisualStudioVersion = 17.6.33829.357
MinimumVisualStudioVersion = 10.0.40219.1
Project("{FAE04EC0-301F-11D3-BF4B-00C04F79EFBC}") = "Police Database Management System", "Police Database Management System.csproj", "{7952DC2D-3349-4285-8726-0B25C1D6680B}"
EndProject
Global
	GlobalSection(SolutionConfigurationPlatforms) = preSolution
		Debug|Any CPU = Debug|Any CPU
		Release|Any CPU = Release|Any CPU
	EndGlobalSection
	GlobalSection(ProjectConfigurationPlatforms) = postSolution
		{7952DC2D-3349-4285-8726-0B25C1D6680B}.Debug|Any CPU.ActiveCfg = Debug|Any CPU
		{7952DC2D-3349-4285-8726-0B25C1D6680B}.Debug|Any CPU.Build.0 = Debug|Any CPU
		{7952DC2D-3349-4285-8726-0B25C1D6680B}.Release|Any CPU.ActiveCfg = Release|Any CPU
		{7952DC2D-3349-4285-8726-0B25C1D6680B}.Release|Any CPU.Build.0 = Release|Any CPU
	EndGlobalSection
	GlobalSection(SolutionProperties) = preSolution
		HideSolutionNode = FALSE
	EndGlobalSection
	GlobalSection(ExtensibilityGlobals) = postSolution
		SolutionGuid = {C00FD2AC-78CE-4F1F-B937-D62DFDE553AA}
	EndGlobalSection
EndGlobal
